
Microsoft Visual Studio Solution File, Format Version 12.00
# Visual Studio Version 17
VisualStudioVersion = 17.4.33122.133
MinimumVisualStudioVersion = 10.0.40219.1
Project("{FAE04EC0-301F-11D3-BF4B-00C04F79EFBC}") = "GAmesCahn", "GAmesCahn\GAmesCahn.csproj", "{E00A7EC4-60E9-4915-A39B-97E73DBC1006}"
EndProject
Global
	GlobalSection(SolutionConfigurationPlatforms) = preSolution
		Debug|Any CPU = Debug|Any CPU
		Release|Any CPU = Release|Any CPU
	EndGlobalSection
	GlobalSection(ProjectConfigurationPlatforms) = postSolution
		{E00A7EC4-60E9-4915-A39B-97E73DBC1006}.Debug|Any CPU.ActiveCfg = Debug|Any CPU
		{E00A7EC4-60E9-4915-A39B-97E73DBC1006}.Debug|Any CPU.Build.0 = Debug|Any CPU
		{E00A7EC4-60E9-4915-A39B-97E73DBC1006}.Release|Any CPU.ActiveCfg = Release|Any CPU
		{E00A7EC4-60E9-4915-A39B-97E73DBC1006}.Release|Any CPU.Build.0 = Release|Any CPU
	EndGlobalSection
	GlobalSection(SolutionProperties) = preSolution
		HideSolutionNode = FALSE
	EndGlobalSection
	GlobalSection(ExtensibilityGlobals) = postSolution
		SolutionGuid = {B9A1671C-B4A4-42CC-833D-5BA9633CD0EA}
	EndGlobalSection
EndGlobal
